
Microsoft Visual Studio Solution File, Format Version 12.00
# Visual Studio Version 17
VisualStudioVersion = 17.1.32319.34
MinimumVisualStudioVersion = 10.0.40219.1
Project("{FAE04EC0-301F-11D3-BF4B-00C04F79EFBC}") = "TechBlog", "TechBlog\TechBlog.csproj", "{B59C91F5-94C2-4585-8B63-AD4C49ABA8DF}"
EndProject
Project("{FAE04EC0-301F-11D3-BF4B-00C04F79EFBC}") = "Business", "Business\Business.csproj", "{D6FD4506-EF0F-447B-B81E-06C2555C03B2}"
EndProject
Project("{FAE04EC0-301F-11D3-BF4B-00C04F79EFBC}") = "DataAccess", "DataAccess\DataAccess.csproj", "{64273EB8-23D2-45F5-9F9F-D5082AD108D4}"
EndProject
Project("{FAE04EC0-301F-11D3-BF4B-00C04F79EFBC}") = "Entities", "Entities\Entities.csproj", "{72EFFBA5-621B-4AB8-AE72-8E5F61F0319F}"
EndProject
Project("{FAE04EC0-301F-11D3-BF4B-00C04F79EFBC}") = "Core", "Core\Core.csproj", "{0C5F49BA-1318-4E01-BC3F-858436B9CA93}"
EndProject
Global
	GlobalSection(SolutionConfigurationPlatforms) = preSolution
		Debug|Any CPU = Debug|Any CPU
		Release|Any CPU = Release|Any CPU
	EndGlobalSection
	GlobalSection(ProjectConfigurationPlatforms) = postSolution
		{B59C91F5-94C2-4585-8B63-AD4C49ABA8DF}.Debug|Any CPU.ActiveCfg = Debug|Any CPU
		{B59C91F5-94C2-4585-8B63-AD4C49ABA8DF}.Debug|Any CPU.Build.0 = Debug|Any CPU
		{B59C91F5-94C2-4585-8B63-AD4C49ABA8DF}.Release|Any CPU.ActiveCfg = Release|Any CPU
		{B59C91F5-94C2-4585-8B63-AD4C49ABA8DF}.Release|Any CPU.Build.0 = Release|Any CPU
		{D6FD4506-EF0F-447B-B81E-06C2555C03B2}.Debug|Any CPU.ActiveCfg = Debug|Any CPU
		{D6FD4506-EF0F-447B-B81E-06C2555C03B2}.Debug|Any CPU.Build.0 = Debug|Any CPU
		{D6FD4506-EF0F-447B-B81E-06C2555C03B2}.Release|Any CPU.ActiveCfg = Release|Any CPU
		{D6FD4506-EF0F-447B-B81E-06C2555C03B2}.Release|Any CPU.Build.0 = Release|Any CPU
		{64273EB8-23D2-45F5-9F9F-D5082AD108D4}.Debug|Any CPU.ActiveCfg = Debug|Any CPU
		{64273EB8-23D2-45F5-9F9F-D5082AD108D4}.Debug|Any CPU.Build.0 = Debug|Any CPU
		{64273EB8-23D2-45F5-9F9F-D5082AD108D4}.Release|Any CPU.ActiveCfg = Release|Any CPU
		{64273EB8-23D2-45F5-9F9F-D5082AD108D4}.Release|Any CPU.Build.0 = Release|Any CPU
		{72EFFBA5-621B-4AB8-AE72-8E5F61F0319F}.Debug|Any CPU.ActiveCfg = Debug|Any CPU
		{72EFFBA5-621B-4AB8-AE72-8E5F61F0319F}.Debug|Any CPU.Build.0 = Debug|Any CPU
		{72EFFBA5-621B-4AB8-AE72-8E5F61F0319F}.Release|Any CPU.ActiveCfg = Release|Any CPU
		{72EFFBA5-621B-4AB8-AE72-8E5F61F0319F}.Release|Any CPU.Build.0 = Release|Any CPU
		{0C5F49BA-1318-4E01-BC3F-858436B9CA93}.Debug|Any CPU.ActiveCfg = Debug|Any CPU
		{0C5F49BA-1318-4E01-BC3F-858436B9CA93}.Debug|Any CPU.Build.0 = Debug|Any CPU
		{0C5F49BA-1318-4E01-BC3F-858436B9CA93}.Release|Any CPU.ActiveCfg = Release|Any CPU
		{0C5F49BA-1318-4E01-BC3F-858436B9CA93}.Release|Any CPU.Build.0 = Release|Any CPU
	EndGlobalSection
	GlobalSection(SolutionProperties) = preSolution
		HideSolutionNode = FALSE
	EndGlobalSection
	GlobalSection(ExtensibilityGlobals) = postSolution
		SolutionGuid = {EECFE358-2C3C-4FCA-AFDA-0F721AB3B856}
	EndGlobalSection
EndGlobal
